
Microsoft Visual Studio Solution File, Format Version 12.00
# Visual Studio Version 16
VisualStudioVersion = 16.0.31112.23
MinimumVisualStudioVersion = 10.0.40219.1
Project("{FAE04EC0-301F-11D3-BF4B-00C04F79EFBC}") = "3.1", "3.1\3.1.csproj", "{63BC1B81-479B-42E5-8F72-586658E15EE0}"
EndProject
Project("{FAE04EC0-301F-11D3-BF4B-00C04F79EFBC}") = "3.2", "3.2\3.2.csproj", "{BC983AFA-F786-4F2C-9A6E-2D8027A4CB61}"
EndProject
Global
	GlobalSection(SolutionConfigurationPlatforms) = preSolution
		Debug|Any CPU = Debug|Any CPU
		Release|Any CPU = Release|Any CPU
	EndGlobalSection
	GlobalSection(ProjectConfigurationPlatforms) = postSolution
		{63BC1B81-479B-42E5-8F72-586658E15EE0}.Debug|Any CPU.ActiveCfg = Debug|Any CPU
		{63BC1B81-479B-42E5-8F72-586658E15EE0}.Debug|Any CPU.Build.0 = Debug|Any CPU
		{63BC1B81-479B-42E5-8F72-586658E15EE0}.Release|Any CPU.ActiveCfg = Release|Any CPU
		{63BC1B81-479B-42E5-8F72-586658E15EE0}.Release|Any CPU.Build.0 = Release|Any CPU
		{BC983AFA-F786-4F2C-9A6E-2D8027A4CB61}.Debug|Any CPU.ActiveCfg = Debug|Any CPU
		{BC983AFA-F786-4F2C-9A6E-2D8027A4CB61}.Debug|Any CPU.Build.0 = Debug|Any CPU
		{BC983AFA-F786-4F2C-9A6E-2D8027A4CB61}.Release|Any CPU.ActiveCfg = Release|Any CPU
		{BC983AFA-F786-4F2C-9A6E-2D8027A4CB61}.Release|Any CPU.Build.0 = Release|Any CPU
	EndGlobalSection
	GlobalSection(SolutionProperties) = preSolution
		HideSolutionNode = FALSE
	EndGlobalSection
	GlobalSection(ExtensibilityGlobals) = postSolution
		SolutionGuid = {DBACCB4A-F079-490A-9DD0-09F2857ED4D2}
	EndGlobalSection
EndGlobal
