
Microsoft Visual Studio Solution File, Format Version 12.00
# Visual Studio Version 16
VisualStudioVersion = 16.0.31112.23
MinimumVisualStudioVersion = 10.0.40219.1
Project("{FAE04EC0-301F-11D3-BF4B-00C04F79EFBC}") = "Homework8", "Homework8\Homework8.csproj", "{FE5F965A-FFC1-4032-93B4-B2FFB7E62178}"
EndProject
Project("{FAE04EC0-301F-11D3-BF4B-00C04F79EFBC}") = "OrderService", "OrderService\OrderService.csproj", "{DDCDD1BD-3A3E-4DDE-B810-6AEC52302DF5}"
EndProject
Global
	GlobalSection(SolutionConfigurationPlatforms) = preSolution
		Debug|Any CPU = Debug|Any CPU
		Release|Any CPU = Release|Any CPU
	EndGlobalSection
	GlobalSection(ProjectConfigurationPlatforms) = postSolution
		{FE5F965A-FFC1-4032-93B4-B2FFB7E62178}.Debug|Any CPU.ActiveCfg = Debug|Any CPU
		{FE5F965A-FFC1-4032-93B4-B2FFB7E62178}.Debug|Any CPU.Build.0 = Debug|Any CPU
		{FE5F965A-FFC1-4032-93B4-B2FFB7E62178}.Release|Any CPU.ActiveCfg = Release|Any CPU
		{FE5F965A-FFC1-4032-93B4-B2FFB7E62178}.Release|Any CPU.Build.0 = Release|Any CPU
		{DDCDD1BD-3A3E-4DDE-B810-6AEC52302DF5}.Debug|Any CPU.ActiveCfg = Debug|Any CPU
		{DDCDD1BD-3A3E-4DDE-B810-6AEC52302DF5}.Debug|Any CPU.Build.0 = Debug|Any CPU
		{DDCDD1BD-3A3E-4DDE-B810-6AEC52302DF5}.Release|Any CPU.ActiveCfg = Release|Any CPU
		{DDCDD1BD-3A3E-4DDE-B810-6AEC52302DF5}.Release|Any CPU.Build.0 = Release|Any CPU
	EndGlobalSection
	GlobalSection(SolutionProperties) = preSolution
		HideSolutionNode = FALSE
	EndGlobalSection
	GlobalSection(ExtensibilityGlobals) = postSolution
		SolutionGuid = {A0880BDD-2009-4EA8-BB11-143A0136683A}
	EndGlobalSection
EndGlobal
